{
  "name": "teclab-id",
  "version": "1.0.0",
  "lockfileVersion": 3,
  "requires": true,
  "packages": {
    "": {
      "name": "teclab-id",
      "version": "1.0.0",
      "license": "ISC",
      "dependencies": {
        "teclab-id": "file:"
      }
    },
    "node_modules/teclab-id": {
      "resolved": "",
      "link": true
    }
  }
}
